
Microsoft Visual Studio Solution File, Format Version 12.00
# Visual Studio Version 17
VisualStudioVersion = 17.8.34004.107
MinimumVisualStudioVersion = 10.0.40219.1
Project("{9A19103F-16F7-4668-BE54-9A1E7A4F7556}") = "BookStoreApp.Api", "BookStoreApp.Api\BookStoreApp.Api.csproj", "{B6734F71-254B-47A9-9236-1B7DD5149A8F}"
EndProject
Project("{00D1A9C2-B5F0-4AF3-8072-F6C62B433612}") = "BookStoreApp.Db", "BookStoreApp.Db\BookStoreApp.Db.sqlproj", "{46D80A04-7E6E-4C69-B039-C218269FC517}"
EndProject
Global
	GlobalSection(SolutionConfigurationPlatforms) = preSolution
		Debug|Any CPU = Debug|Any CPU
		Release|Any CPU = Release|Any CPU
	EndGlobalSection
	GlobalSection(ProjectConfigurationPlatforms) = postSolution
		{B6734F71-254B-47A9-9236-1B7DD5149A8F}.Debug|Any CPU.ActiveCfg = Debug|Any CPU
		{B6734F71-254B-47A9-9236-1B7DD5149A8F}.Debug|Any CPU.Build.0 = Debug|Any CPU
		{B6734F71-254B-47A9-9236-1B7DD5149A8F}.Release|Any CPU.ActiveCfg = Release|Any CPU
		{B6734F71-254B-47A9-9236-1B7DD5149A8F}.Release|Any CPU.Build.0 = Release|Any CPU
		{46D80A04-7E6E-4C69-B039-C218269FC517}.Debug|Any CPU.ActiveCfg = Debug|Any CPU
		{46D80A04-7E6E-4C69-B039-C218269FC517}.Debug|Any CPU.Build.0 = Debug|Any CPU
		{46D80A04-7E6E-4C69-B039-C218269FC517}.Debug|Any CPU.Deploy.0 = Debug|Any CPU
		{46D80A04-7E6E-4C69-B039-C218269FC517}.Release|Any CPU.ActiveCfg = Release|Any CPU
		{46D80A04-7E6E-4C69-B039-C218269FC517}.Release|Any CPU.Build.0 = Release|Any CPU
		{46D80A04-7E6E-4C69-B039-C218269FC517}.Release|Any CPU.Deploy.0 = Release|Any CPU
	EndGlobalSection
	GlobalSection(SolutionProperties) = preSolution
		HideSolutionNode = FALSE
	EndGlobalSection
	GlobalSection(ExtensibilityGlobals) = postSolution
		SolutionGuid = {0C7D21E2-E26E-42C2-B82C-BBF2FC235B85}
	EndGlobalSection
EndGlobal
